
Microsoft Visual Studio Solution File, Format Version 12.00
# Visual Studio 15
VisualStudioVersion = 15.0.27428.2002
MinimumVisualStudioVersion = 10.0.40219.1
Project("{9A19103F-16F7-4668-BE54-9A1E7A4F7556}") = "BlogAngularProject8", "BlogAngularProject8\BlogAngularProject8.csproj", "{9B3C2071-4E96-42D4-8043-55BB9D00A292}"
EndProject
Project("{9A19103F-16F7-4668-BE54-9A1E7A4F7556}") = "ViewModels", "ViewModels\ViewModels.csproj", "{D04BB0F8-0E01-4173-9400-A0EDA0DBB835}"
EndProject
Project("{9A19103F-16F7-4668-BE54-9A1E7A4F7556}") = "BlogAngularProject8.BLL", "BlogAngularProject8.BLL\BlogAngularProject8.BLL.csproj", "{F68608D2-C678-458F-B49D-ED3B3F1CBF9B}"
EndProject
Project("{9A19103F-16F7-4668-BE54-9A1E7A4F7556}") = "BlogAngularProject8.DAL", "BlogAngularProject8.DAL\BlogAngularProject8.DAL.csproj", "{88F6DE8E-73FC-422E-9071-56DE0F9ECE0C}"
EndProject
Global
	GlobalSection(SolutionConfigurationPlatforms) = preSolution
		Debug|Any CPU = Debug|Any CPU
		Release|Any CPU = Release|Any CPU
	EndGlobalSection
	GlobalSection(ProjectConfigurationPlatforms) = postSolution
		{9B3C2071-4E96-42D4-8043-55BB9D00A292}.Debug|Any CPU.ActiveCfg = Debug|Any CPU
		{9B3C2071-4E96-42D4-8043-55BB9D00A292}.Debug|Any CPU.Build.0 = Debug|Any CPU
		{9B3C2071-4E96-42D4-8043-55BB9D00A292}.Release|Any CPU.ActiveCfg = Release|Any CPU
		{9B3C2071-4E96-42D4-8043-55BB9D00A292}.Release|Any CPU.Build.0 = Release|Any CPU
		{D04BB0F8-0E01-4173-9400-A0EDA0DBB835}.Debug|Any CPU.ActiveCfg = Debug|Any CPU
		{D04BB0F8-0E01-4173-9400-A0EDA0DBB835}.Debug|Any CPU.Build.0 = Debug|Any CPU
		{D04BB0F8-0E01-4173-9400-A0EDA0DBB835}.Release|Any CPU.ActiveCfg = Release|Any CPU
		{D04BB0F8-0E01-4173-9400-A0EDA0DBB835}.Release|Any CPU.Build.0 = Release|Any CPU
		{F68608D2-C678-458F-B49D-ED3B3F1CBF9B}.Debug|Any CPU.ActiveCfg = Debug|Any CPU
		{F68608D2-C678-458F-B49D-ED3B3F1CBF9B}.Debug|Any CPU.Build.0 = Debug|Any CPU
		{F68608D2-C678-458F-B49D-ED3B3F1CBF9B}.Release|Any CPU.ActiveCfg = Release|Any CPU
		{F68608D2-C678-458F-B49D-ED3B3F1CBF9B}.Release|Any CPU.Build.0 = Release|Any CPU
		{88F6DE8E-73FC-422E-9071-56DE0F9ECE0C}.Debug|Any CPU.ActiveCfg = Debug|Any CPU
		{88F6DE8E-73FC-422E-9071-56DE0F9ECE0C}.Debug|Any CPU.Build.0 = Debug|Any CPU
		{88F6DE8E-73FC-422E-9071-56DE0F9ECE0C}.Release|Any CPU.ActiveCfg = Release|Any CPU
		{88F6DE8E-73FC-422E-9071-56DE0F9ECE0C}.Release|Any CPU.Build.0 = Release|Any CPU
	EndGlobalSection
	GlobalSection(SolutionProperties) = preSolution
		HideSolutionNode = FALSE
	EndGlobalSection
	GlobalSection(ExtensibilityGlobals) = postSolution
		SolutionGuid = {1281B156-83AB-4162-B007-94D133A1CD24}
	EndGlobalSection
EndGlobal
